
Microsoft Visual Studio Solution File, Format Version 12.00
# Visual Studio Version 17
VisualStudioVersion = 17.7.34031.279
MinimumVisualStudioVersion = 10.0.40219.1
Project("{FAE04EC0-301F-11D3-BF4B-00C04F79EFBC}") = "RingoMedia.PL", "RingoMedia.PL.csproj", "{C11E9B34-3056-4D11-A47A-CAAB8F6AE4F0}"
EndProject
Project("{FAE04EC0-301F-11D3-BF4B-00C04F79EFBC}") = "RingoMedia.DAL", "..\RingoMedia.DAL\RingoMedia.DAL.csproj", "{5E30ED37-4D13-4BB0-A5BC-667A61B8FE56}"
EndProject
Project("{FAE04EC0-301F-11D3-BF4B-00C04F79EFBC}") = "RingoMedia.BLL", "..\RingoMedia.BLL\RingoMedia.BLL.csproj", "{05D106C9-5806-42E0-AFC6-398D263A7287}"
EndProject
Global
	GlobalSection(SolutionConfigurationPlatforms) = preSolution
		Debug|Any CPU = Debug|Any CPU
		Release|Any CPU = Release|Any CPU
	EndGlobalSection
	GlobalSection(ProjectConfigurationPlatforms) = postSolution
		{C11E9B34-3056-4D11-A47A-CAAB8F6AE4F0}.Debug|Any CPU.ActiveCfg = Debug|Any CPU
		{C11E9B34-3056-4D11-A47A-CAAB8F6AE4F0}.Debug|Any CPU.Build.0 = Debug|Any CPU
		{C11E9B34-3056-4D11-A47A-CAAB8F6AE4F0}.Release|Any CPU.ActiveCfg = Release|Any CPU
		{C11E9B34-3056-4D11-A47A-CAAB8F6AE4F0}.Release|Any CPU.Build.0 = Release|Any CPU
		{5E30ED37-4D13-4BB0-A5BC-667A61B8FE56}.Debug|Any CPU.ActiveCfg = Debug|Any CPU
		{5E30ED37-4D13-4BB0-A5BC-667A61B8FE56}.Debug|Any CPU.Build.0 = Debug|Any CPU
		{5E30ED37-4D13-4BB0-A5BC-667A61B8FE56}.Release|Any CPU.ActiveCfg = Release|Any CPU
		{5E30ED37-4D13-4BB0-A5BC-667A61B8FE56}.Release|Any CPU.Build.0 = Release|Any CPU
		{05D106C9-5806-42E0-AFC6-398D263A7287}.Debug|Any CPU.ActiveCfg = Debug|Any CPU
		{05D106C9-5806-42E0-AFC6-398D263A7287}.Debug|Any CPU.Build.0 = Debug|Any CPU
		{05D106C9-5806-42E0-AFC6-398D263A7287}.Release|Any CPU.ActiveCfg = Release|Any CPU
		{05D106C9-5806-42E0-AFC6-398D263A7287}.Release|Any CPU.Build.0 = Release|Any CPU
	EndGlobalSection
	GlobalSection(SolutionProperties) = preSolution
		HideSolutionNode = FALSE
	EndGlobalSection
	GlobalSection(ExtensibilityGlobals) = postSolution
		SolutionGuid = {2DEDBE25-7915-4420-A9CA-7814DC243722}
	EndGlobalSection
EndGlobal
